{
  "name": "pipeline-migration-fixture",
  "version": "0.0.0",
  "lockfileVersion": 1,
  "requires": true,
  "dependencies": {
    "@angular/core": {
      "version": "7.2.16"
    },
    "@angular/common": {
      "version": "7.2.16"
    },
    "@angular/compiler": {
      "version": "7.2.16"
    },
    "@angular/cli": {
      "version": "7.3.10"
    },
    "rxjs": {
      "version": "6.3.3"
    },
    "zone.js": {
      "version": "0.8.26"
    },
    "typescript": {
      "version": "3.2.2"
    }
  }
}
